
Microsoft Visual Studio Solution File, Format Version 12.00
# Visual Studio Version 16
VisualStudioVersion = 16.0.30804.86
MinimumVisualStudioVersion = 10.0.40219.1
Project("{FAE04EC0-301F-11D3-BF4B-00C04F79EFBC}") = "erettsegi", "erettsegi\erettsegi.csproj", "{71310C36-F04C-45FE-9A22-82CE4FE449FB}"
EndProject
Global
	GlobalSection(SolutionConfigurationPlatforms) = preSolution
		Debug|Any CPU = Debug|Any CPU
		Release|Any CPU = Release|Any CPU
	EndGlobalSection
	GlobalSection(ProjectConfigurationPlatforms) = postSolution
		{71310C36-F04C-45FE-9A22-82CE4FE449FB}.Debug|Any CPU.ActiveCfg = Debug|Any CPU
		{71310C36-F04C-45FE-9A22-82CE4FE449FB}.Debug|Any CPU.Build.0 = Debug|Any CPU
		{71310C36-F04C-45FE-9A22-82CE4FE449FB}.Release|Any CPU.ActiveCfg = Release|Any CPU
		{71310C36-F04C-45FE-9A22-82CE4FE449FB}.Release|Any CPU.Build.0 = Release|Any CPU
	EndGlobalSection
	GlobalSection(SolutionProperties) = preSolution
		HideSolutionNode = FALSE
	EndGlobalSection
	GlobalSection(ExtensibilityGlobals) = postSolution
		SolutionGuid = {AFCF384C-977F-41A7-8BA9-C810B77BC6B2}
	EndGlobalSection
EndGlobal
